
Microsoft Visual Studio Solution File, Format Version 12.00
# Visual Studio Version 17
VisualStudioVersion = 17.9.34728.123
MinimumVisualStudioVersion = 10.0.40219.1
Project("{FAE04EC0-301F-11D3-BF4B-00C04F79EFBC}") = "CSV to Database", "CSV to Database.csproj", "{13AF8F6B-E63D-444D-9E22-6531AE73FCCD}"
EndProject
Global
	GlobalSection(SolutionConfigurationPlatforms) = preSolution
		Debug|Any CPU = Debug|Any CPU
		Release|Any CPU = Release|Any CPU
	EndGlobalSection
	GlobalSection(ProjectConfigurationPlatforms) = postSolution
		{13AF8F6B-E63D-444D-9E22-6531AE73FCCD}.Debug|Any CPU.ActiveCfg = Debug|Any CPU
		{13AF8F6B-E63D-444D-9E22-6531AE73FCCD}.Debug|Any CPU.Build.0 = Debug|Any CPU
		{13AF8F6B-E63D-444D-9E22-6531AE73FCCD}.Release|Any CPU.ActiveCfg = Release|Any CPU
		{13AF8F6B-E63D-444D-9E22-6531AE73FCCD}.Release|Any CPU.Build.0 = Release|Any CPU
	EndGlobalSection
	GlobalSection(SolutionProperties) = preSolution
		HideSolutionNode = FALSE
	EndGlobalSection
	GlobalSection(ExtensibilityGlobals) = postSolution
		SolutionGuid = {D7D307B8-5B09-4DA3-BADF-994B8694BCD2}
	EndGlobalSection
EndGlobal
